// !$*UTF8*$!
{
	archiveVersion = 1;
	classes = {
	};
	objectVersion = 56;
	objects = {

/* Begin PBXBuildFile section */
		FB8FA97B2AAFAC9D002E93E8 /* Proyecto_Equipo1App.swift in Sources */ = {isa = PBXBuildFile; fileRef = FB8FA97A2AAFAC9D002E93E8 /* Proyecto_Equipo1App.swift */; };
		FB8FA97D2AAFAC9D002E93E8 /* ContentView.swift in Sources */ = {isa = PBXBuildFile; fileRef = FB8FA97C2AAFAC9D002E93E8 /* ContentView.swift */; };
		FB8FA97F2AAFAC9D002E93E8 /* Assets.xcassets in Resources */ = {isa = PBXBuildFile; fileRef = FB8FA97E2AAFAC9D002E93E8 /* Assets.xcassets */; };
		FB8FA9822AAFAC9D002E93E8 /* Preview Assets.xcassets in Resources */ = {isa = PBXBuildFile; fileRef = FB8FA9812AAFAC9D002E93E8 /* Preview Assets.xcassets */; };
<<<<<<< Updated upstream
		FBADF6222AB8B6B900144BF8 /* Game1View.swift in Sources */ = {isa = PBXBuildFile; fileRef = FBADF6212AB8B6B900144BF8 /* Game1View.swift */; };
=======
		FB9F46192ABCCD210097C1E1 /* GameMView.swift in Sources */ = {isa = PBXBuildFile; fileRef = FB9F46182ABCCD210097C1E1 /* GameMView.swift */; };
>>>>>>> Stashed changes
		FBC50B9B2AAFC99E000E697E /* GameSelect.swift in Sources */ = {isa = PBXBuildFile; fileRef = FBC50B9A2AAFC99E000E697E /* GameSelect.swift */; };
		FBC50BA12AAFCA77000E697E /* Oxygen-Regular.ttf in Resources */ = {isa = PBXBuildFile; fileRef = FBC50BA02AAFCA77000E697E /* Oxygen-Regular.ttf */; };
/* End PBXBuildFile section */

/* Begin PBXFileReference section */
		FB8FA9772AAFAC9D002E93E8 /* Proyecto_Equipo1.app */ = {isa = PBXFileReference; explicitFileType = wrapper.application; includeInIndex = 0; path = Proyecto_Equipo1.app; sourceTree = BUILT_PRODUCTS_DIR; };
		FB8FA97A2AAFAC9D002E93E8 /* Proyecto_Equipo1App.swift */ = {isa = PBXFileReference; lastKnownFileType = sourcecode.swift; path = Proyecto_Equipo1App.swift; sourceTree = "<group>"; };
		FB8FA97C2AAFAC9D002E93E8 /* ContentView.swift */ = {isa = PBXFileReference; lastKnownFileType = sourcecode.swift; path = ContentView.swift; sourceTree = "<group>"; };
		FB8FA97E2AAFAC9D002E93E8 /* Assets.xcassets */ = {isa = PBXFileReference; lastKnownFileType = folder.assetcatalog; path = Assets.xcassets; sourceTree = "<group>"; };
		FB8FA9812AAFAC9D002E93E8 /* Preview Assets.xcassets */ = {isa = PBXFileReference; lastKnownFileType = folder.assetcatalog; path = "Preview Assets.xcassets"; sourceTree = "<group>"; };
<<<<<<< Updated upstream
		FBADF6212AB8B6B900144BF8 /* Game1View.swift */ = {isa = PBXFileReference; lastKnownFileType = sourcecode.swift; path = Game1View.swift; sourceTree = "<group>"; };
=======
		FB9F46182ABCCD210097C1E1 /* GameMView.swift */ = {isa = PBXFileReference; lastKnownFileType = sourcecode.swift; path = GameMView.swift; sourceTree = "<group>"; };
>>>>>>> Stashed changes
		FBC50B9A2AAFC99E000E697E /* GameSelect.swift */ = {isa = PBXFileReference; lastKnownFileType = sourcecode.swift; path = GameSelect.swift; sourceTree = "<group>"; };
		FBC50BA02AAFCA77000E697E /* Oxygen-Regular.ttf */ = {isa = PBXFileReference; lastKnownFileType = file; path = "Oxygen-Regular.ttf"; sourceTree = "<group>"; };
/* End PBXFileReference section */

/* Begin PBXFrameworksBuildPhase section */
		FB8FA9742AAFAC9D002E93E8 /* Frameworks */ = {
			isa = PBXFrameworksBuildPhase;
			buildActionMask = 2147483647;
			files = (
			);
			runOnlyForDeploymentPostprocessing = 0;
		};
/* End PBXFrameworksBuildPhase section */

/* Begin PBXGroup section */
		FB8FA96E2AAFAC9D002E93E8 = {
			isa = PBXGroup;
			children = (
				FB8FA9792AAFAC9D002E93E8 /* Proyecto_Equipo1 */,
				FB8FA9782AAFAC9D002E93E8 /* Products */,
			);
			sourceTree = "<group>";
		};
		FB8FA9782AAFAC9D002E93E8 /* Products */ = {
			isa = PBXGroup;
			children = (
				FB8FA9772AAFAC9D002E93E8 /* Proyecto_Equipo1.app */,
			);
			name = Products;
			sourceTree = "<group>";
		};
		FB8FA9792AAFAC9D002E93E8 /* Proyecto_Equipo1 */ = {
			isa = PBXGroup;
			children = (
				FBC50B9F2AAFCA42000E697E /* Fonts */,
				FB8FA97A2AAFAC9D002E93E8 /* Proyecto_Equipo1App.swift */,
				FB8FA97C2AAFAC9D002E93E8 /* ContentView.swift */,
				FBADF6212AB8B6B900144BF8 /* Game1View.swift */,
				FBC50B9A2AAFC99E000E697E /* GameSelect.swift */,
				FB9F46182ABCCD210097C1E1 /* GameMView.swift */,
				FB8FA97E2AAFAC9D002E93E8 /* Assets.xcassets */,
				FB8FA9802AAFAC9D002E93E8 /* Preview Content */,
			);
			path = Proyecto_Equipo1;
			sourceTree = "<group>";
		};
		FB8FA9802AAFAC9D002E93E8 /* Preview Content */ = {
			isa = PBXGroup;
			children = (
				FB8FA9812AAFAC9D002E93E8 /* Preview Assets.xcassets */,
			);
			path = "Preview Content";
			sourceTree = "<group>";
		};
		FBC50B9F2AAFCA42000E697E /* Fonts */ = {
			isa = PBXGroup;
			children = (
				FBC50BA02AAFCA77000E697E /* Oxygen-Regular.ttf */,
			);
			path = Fonts;
			sourceTree = "<group>";
		};
/* End PBXGroup section */

/* Begin PBXNativeTarget section */
		FB8FA9762AAFAC9D002E93E8 /* Proyecto_Equipo1 */ = {
			isa = PBXNativeTarget;
			buildConfigurationList = FB8FA9852AAFAC9D002E93E8 /* Build configuration list for PBXNativeTarget "Proyecto_Equipo1" */;
			buildPhases = (
				FB8FA9732AAFAC9D002E93E8 /* Sources */,
				FB8FA9742AAFAC9D002E93E8 /* Frameworks */,
				FB8FA9752AAFAC9D002E93E8 /* Resources */,
			);
			buildRules = (
			);
			dependencies = (
			);
			name = Proyecto_Equipo1;
			productName = Proyecto_Equipo1;
			productReference = FB8FA9772AAFAC9D002E93E8 /* Proyecto_Equipo1.app */;
			productType = "com.apple.product-type.application";
		};
/* End PBXNativeTarget section */

/* Begin PBXProject section */
		FB8FA96F2AAFAC9D002E93E8 /* Project object */ = {
			isa = PBXProject;
			attributes = {
				BuildIndependentTargetsInParallel = 1;
				LastSwiftUpdateCheck = 1430;
				LastUpgradeCheck = 1430;
				TargetAttributes = {
					FB8FA9762AAFAC9D002E93E8 = {
						CreatedOnToolsVersion = 14.3.1;
					};
				};
			};
			buildConfigurationList = FB8FA9722AAFAC9D002E93E8 /* Build configuration list for PBXProject "Proyecto_Equipo1" */;
			compatibilityVersion = "Xcode 14.0";
			developmentRegion = en;
			hasScannedForEncodings = 0;
			knownRegions = (
				en,
				Base,
			);
			mainGroup = FB8FA96E2AAFAC9D002E93E8;
			productRefGroup = FB8FA9782AAFAC9D002E93E8 /* Products */;
			projectDirPath = "";
			projectRoot = "";
			targets = (
				FB8FA9762AAFAC9D002E93E8 /* Proyecto_Equipo1 */,
			);
		};
/* End PBXProject section */

/* Begin PBXResourcesBuildPhase section */
		FB8FA9752AAFAC9D002E93E8 /* Resources */ = {
			isa = PBXResourcesBuildPhase;
			buildActionMask = 2147483647;
			files = (
				FBC50BA12AAFCA77000E697E /* Oxygen-Regular.ttf in Resources */,
				FB8FA9822AAFAC9D002E93E8 /* Preview Assets.xcassets in Resources */,
				FB8FA97F2AAFAC9D002E93E8 /* Assets.xcassets in Resources */,
			);
			runOnlyForDeploymentPostprocessing = 0;
		};
/* End PBXResourcesBuildPhase section */

/* Begin PBXSourcesBuildPhase section */
		FB8FA9732AAFAC9D002E93E8 /* Sources */ = {
			isa = PBXSourcesBuildPhase;
			buildActionMask = 2147483647;
			files = (
				FB9F46192ABCCD210097C1E1 /* GameMView.swift in Sources */,
				FB8FA97D2AAFAC9D002E93E8 /* ContentView.swift in Sources */,
				FB8FA97B2AAFAC9D002E93E8 /* Proyecto_Equipo1App.swift in Sources */,
				FBADF6222AB8B6B900144BF8 /* Game1View.swift in Sources */,
				FBC50B9B2AAFC99E000E697E /* GameSelect.swift in Sources */,
			);
			runOnlyForDeploymentPostprocessing = 0;
		};
/* End PBXSourcesBuildPhase section */

/* Begin XCBuildConfiguration section */
		FB8FA9832AAFAC9D002E93E8 /* Debug */ = {
			isa = XCBuildConfiguration;
			buildSettings = {
				ALWAYS_SEARCH_USER_PATHS = NO;
				CLANG_ANALYZER_NONNULL = YES;
				CLANG_ANALYZER_NUMBER_OBJECT_CONVERSION = YES_AGGRESSIVE;
				CLANG_CXX_LANGUAGE_STANDARD = "gnu++20";
				CLANG_ENABLE_MODULES = YES;
				CLANG_ENABLE_OBJC_ARC = YES;
				CLANG_ENABLE_OBJC_WEAK = YES;
				CLANG_WARN_BLOCK_CAPTURE_AUTORELEASING = YES;
				CLANG_WARN_BOOL_CONVERSION = YES;
				CLANG_WARN_COMMA = YES;
				CLANG_WARN_CONSTANT_CONVERSION = YES;
				CLANG_WARN_DEPRECATED_OBJC_IMPLEMENTATIONS = YES;
				CLANG_WARN_DIRECT_OBJC_ISA_USAGE = YES_ERROR;
				CLANG_WARN_DOCUMENTATION_COMMENTS = YES;
				CLANG_WARN_EMPTY_BODY = YES;
				CLANG_WARN_ENUM_CONVERSION = YES;
				CLANG_WARN_INFINITE_RECURSION = YES;
				CLANG_WARN_INT_CONVERSION = YES;
				CLANG_WARN_NON_LITERAL_NULL_CONVERSION = YES;
				CLANG_WARN_OBJC_IMPLICIT_RETAIN_SELF = YES;
				CLANG_WARN_OBJC_LITERAL_CONVERSION = YES;
				CLANG_WARN_OBJC_ROOT_CLASS = YES_ERROR;
				CLANG_WARN_QUOTED_INCLUDE_IN_FRAMEWORK_HEADER = YES;
				CLANG_WARN_RANGE_LOOP_ANALYSIS = YES;
				CLANG_WARN_STRICT_PROTOTYPES = YES;
				CLANG_WARN_SUSPICIOUS_MOVE = YES;
				CLANG_WARN_UNGUARDED_AVAILABILITY = YES_AGGRESSIVE;
				CLANG_WARN_UNREACHABLE_CODE = YES;
				CLANG_WARN__DUPLICATE_METHOD_MATCH = YES;
				COPY_PHASE_STRIP = NO;
				DEBUG_INFORMATION_FORMAT = dwarf;
				ENABLE_STRICT_OBJC_MSGSEND = YES;
				ENABLE_TESTABILITY = YES;
				GCC_C_LANGUAGE_STANDARD = gnu11;
				GCC_DYNAMIC_NO_PIC = NO;
				GCC_NO_COMMON_BLOCKS = YES;
				GCC_OPTIMIZATION_LEVEL = 0;
				GCC_PREPROCESSOR_DEFINITIONS = (
					"DEBUG=1",
					"$(inherited)",
				);
				GCC_WARN_64_TO_32_BIT_CONVERSION = YES;
				GCC_WARN_ABOUT_RETURN_TYPE = YES_ERROR;
				GCC_WARN_UNDECLARED_SELECTOR = YES;
				GCC_WARN_UNINITIALIZED_AUTOS = YES_AGGRESSIVE;
				GCC_WARN_UNUSED_FUNCTION = YES;
				GCC_WARN_UNUSED_VARIABLE = YES;
				IPHONEOS_DEPLOYMENT_TARGET = 16.4;
				MTL_ENABLE_DEBUG_INFO = INCLUDE_SOURCE;
				MTL_FAST_MATH = YES;
				ONLY_ACTIVE_ARCH = YES;
				SDKROOT = iphoneos;
				SWIFT_ACTIVE_COMPILATION_CONDITIONS = DEBUG;
				SWIFT_OPTIMIZATION_LEVEL = "-Onone";
			};
			name = Debug;
		};
		FB8FA9842AAFAC9D002E93E8 /* Release */ = {
			isa = XCBuildConfiguration;
			buildSettings = {
				ALWAYS_SEARCH_USER_PATHS = NO;
				CLANG_ANALYZER_NONNULL = YES;
				CLANG_ANALYZER_NUMBER_OBJECT_CONVERSION = YES_AGGRESSIVE;
				CLANG_CXX_LANGUAGE_STANDARD = "gnu++20";
				CLANG_ENABLE_MODULES = YES;
				CLANG_ENABLE_OBJC_ARC = YES;
				CLANG_ENABLE_OBJC_WEAK = YES;
				CLANG_WARN_BLOCK_CAPTURE_AUTORELEASING = YES;
				CLANG_WARN_BOOL_CONVERSION = YES;
				CLANG_WARN_COMMA = YES;
				CLANG_WARN_CONSTANT_CONVERSION = YES;
				CLANG_WARN_DEPRECATED_OBJC_IMPLEMENTATIONS = YES;
				CLANG_WARN_DIRECT_OBJC_ISA_USAGE = YES_ERROR;
				CLANG_WARN_DOCUMENTATION_COMMENTS = YES;
				CLANG_WARN_EMPTY_BODY = YES;
				CLANG_WARN_ENUM_CONVERSION = YES;
				CLANG_WARN_INFINITE_RECURSION = YES;
				CLANG_WARN_INT_CONVERSION = YES;
				CLANG_WARN_NON_LITERAL_NULL_CONVERSION = YES;
				CLANG_WARN_OBJC_IMPLICIT_RETAIN_SELF = YES;
				CLANG_WARN_OBJC_LITERAL_CONVERSION = YES;
				CLANG_WARN_OBJC_ROOT_CLASS = YES_ERROR;
				CLANG_WARN_QUOTED_INCLUDE_IN_FRAMEWORK_HEADER = YES;
				CLANG_WARN_RANGE_LOOP_ANALYSIS = YES;
				CLANG_WARN_STRICT_PROTOTYPES = YES;
				CLANG_WARN_SUSPICIOUS_MOVE = YES;
				CLANG_WARN_UNGUARDED_AVAILABILITY = YES_AGGRESSIVE;
				CLANG_WARN_UNREACHABLE_CODE = YES;
				CLANG_WARN__DUPLICATE_METHOD_MATCH = YES;
				COPY_PHASE_STRIP = NO;
				DEBUG_INFORMATION_FORMAT = "dwarf-with-dsym";
				ENABLE_NS_ASSERTIONS = NO;
				ENABLE_STRICT_OBJC_MSGSEND = YES;
				GCC_C_LANGUAGE_STANDARD = gnu11;
				GCC_NO_COMMON_BLOCKS = YES;
				GCC_WARN_64_TO_32_BIT_CONVERSION = YES;
				GCC_WARN_ABOUT_RETURN_TYPE = YES_ERROR;
				GCC_WARN_UNDECLARED_SELECTOR = YES;
				GCC_WARN_UNINITIALIZED_AUTOS = YES_AGGRESSIVE;
				GCC_WARN_UNUSED_FUNCTION = YES;
				GCC_WARN_UNUSED_VARIABLE = YES;
				IPHONEOS_DEPLOYMENT_TARGET = 16.4;
				MTL_ENABLE_DEBUG_INFO = NO;
				MTL_FAST_MATH = YES;
				SDKROOT = iphoneos;
				SWIFT_COMPILATION_MODE = wholemodule;
				SWIFT_OPTIMIZATION_LEVEL = "-O";
				VALIDATE_PRODUCT = YES;
			};
			name = Release;
		};
		FB8FA9862AAFAC9D002E93E8 /* Debug */ = {
			isa = XCBuildConfiguration;
			buildSettings = {
				ASSETCATALOG_COMPILER_APPICON_NAME = AppIcon;
				ASSETCATALOG_COMPILER_GLOBAL_ACCENT_COLOR_NAME = AccentColor;
				CODE_SIGN_STYLE = Automatic;
				CURRENT_PROJECT_VERSION = 1;
				DEVELOPMENT_ASSET_PATHS = "\"Proyecto_Equipo1/Preview Content\"";
				DEVELOPMENT_TEAM = 9MQSX62K58;
				ENABLE_PREVIEWS = YES;
				GENERATE_INFOPLIST_FILE = YES;
				INFOPLIST_KEY_UIApplicationSceneManifest_Generation = YES;
				INFOPLIST_KEY_UIApplicationSupportsIndirectInputEvents = YES;
				INFOPLIST_KEY_UILaunchScreen_Generation = YES;
				INFOPLIST_KEY_UISupportedInterfaceOrientations_iPad = "UIInterfaceOrientationPortrait UIInterfaceOrientationPortraitUpsideDown UIInterfaceOrientationLandscapeLeft UIInterfaceOrientationLandscapeRight";
				INFOPLIST_KEY_UISupportedInterfaceOrientations_iPhone = "UIInterfaceOrientationPortrait UIInterfaceOrientationLandscapeLeft UIInterfaceOrientationLandscapeRight";
				LD_RUNPATH_SEARCH_PATHS = (
					"$(inherited)",
					"@executable_path/Frameworks",
				);
				MARKETING_VERSION = 1.0;
				PRODUCT_BUNDLE_IDENTIFIER = "com.itesm.Proyecto-Equipo1";
				PRODUCT_NAME = "$(TARGET_NAME)";
				SWIFT_EMIT_LOC_STRINGS = YES;
				SWIFT_VERSION = 5.0;
				TARGETED_DEVICE_FAMILY = "1,2";
			};
			name = Debug;
		};
		FB8FA9872AAFAC9D002E93E8 /* Release */ = {
			isa = XCBuildConfiguration;
			buildSettings = {
				ASSETCATALOG_COMPILER_APPICON_NAME = AppIcon;
				ASSETCATALOG_COMPILER_GLOBAL_ACCENT_COLOR_NAME = AccentColor;
				CODE_SIGN_STYLE = Automatic;
				CURRENT_PROJECT_VERSION = 1;
				DEVELOPMENT_ASSET_PATHS = "\"Proyecto_Equipo1/Preview Content\"";
				DEVELOPMENT_TEAM = 9MQSX62K58;
				ENABLE_PREVIEWS = YES;
				GENERATE_INFOPLIST_FILE = YES;
				INFOPLIST_KEY_UIApplicationSceneManifest_Generation = YES;
				INFOPLIST_KEY_UIApplicationSupportsIndirectInputEvents = YES;
				INFOPLIST_KEY_UILaunchScreen_Generation = YES;
				INFOPLIST_KEY_UISupportedInterfaceOrientations_iPad = "UIInterfaceOrientationPortrait UIInterfaceOrientationPortraitUpsideDown UIInterfaceOrientationLandscapeLeft UIInterfaceOrientationLandscapeRight";
				INFOPLIST_KEY_UISupportedInterfaceOrientations_iPhone = "UIInterfaceOrientationPortrait UIInterfaceOrientationLandscapeLeft UIInterfaceOrientationLandscapeRight";
				LD_RUNPATH_SEARCH_PATHS = (
					"$(inherited)",
					"@executable_path/Frameworks",
				);
				MARKETING_VERSION = 1.0;
				PRODUCT_BUNDLE_IDENTIFIER = "com.itesm.Proyecto-Equipo1";
				PRODUCT_NAME = "$(TARGET_NAME)";
				SWIFT_EMIT_LOC_STRINGS = YES;
				SWIFT_VERSION = 5.0;
				TARGETED_DEVICE_FAMILY = "1,2";
			};
			name = Release;
		};
/* End XCBuildConfiguration section */

/* Begin XCConfigurationList section */
		FB8FA9722AAFAC9D002E93E8 /* Build configuration list for PBXProject "Proyecto_Equipo1" */ = {
			isa = XCConfigurationList;
			buildConfigurations = (
				FB8FA9832AAFAC9D002E93E8 /* Debug */,
				FB8FA9842AAFAC9D002E93E8 /* Release */,
			);
			defaultConfigurationIsVisible = 0;
			defaultConfigurationName = Release;
		};
		FB8FA9852AAFAC9D002E93E8 /* Build configuration list for PBXNativeTarget "Proyecto_Equipo1" */ = {
			isa = XCConfigurationList;
			buildConfigurations = (
				FB8FA9862AAFAC9D002E93E8 /* Debug */,
				FB8FA9872AAFAC9D002E93E8 /* Release */,
			);
			defaultConfigurationIsVisible = 0;
			defaultConfigurationName = Release;
		};
/* End XCConfigurationList section */
	};
	rootObject = FB8FA96F2AAFAC9D002E93E8 /* Project object */;
}
