// !$*UTF8*$!
{
	archiveVersion = 1;
	classes = {
	};
	objectVersion = 56;
	objects = {

/* Begin PBXBuildFile section */
		FB62B75E2AD713E800594247 /* PredictionStatus.swift in Sources */ = {isa = PBXBuildFile; fileRef = FB62B75D2AD713E800594247 /* PredictionStatus.swift */; };
		FB62B7622AD7155500594247 /* mydata.geojson in Resources */ = {isa = PBXBuildFile; fileRef = FB62B7612AD7155500594247 /* mydata.geojson */; };
		FB62B7642AD7184500594247 /* Classification.swift in Sources */ = {isa = PBXBuildFile; fileRef = FB62B7632AD7184500594247 /* Classification.swift */; };
		FB62B7662AD71AF700594247 /* ClassificationView.swift in Sources */ = {isa = PBXBuildFile; fileRef = FB62B7652AD71AF700594247 /* ClassificationView.swift */; };
		FB62B7682AD71B0E00594247 /* ClassifierViewModel.swift in Sources */ = {isa = PBXBuildFile; fileRef = FB62B7672AD71B0E00594247 /* ClassifierViewModel.swift */; };
		FB6A76422AD733C900816954 /* PredictionResultView.swift in Sources */ = {isa = PBXBuildFile; fileRef = FB6A76412AD733C900816954 /* PredictionResultView.swift */; };
		FB6A76452AD7345900816954 /* PredictiveLabelView.swift in Sources */ = {isa = PBXBuildFile; fileRef = FB6A76442AD7345900816954 /* PredictiveLabelView.swift */; };
		FB6A76472AD7346400816954 /* DisplayedContentView.swift in Sources */ = {isa = PBXBuildFile; fileRef = FB6A76462AD7346400816954 /* DisplayedContentView.swift */; };
		FB6B9D4B2ABCC3D80065BB70 /* LetrasSenias.swift in Sources */ = {isa = PBXBuildFile; fileRef = FB6B9D4A2ABCC3D80065BB70 /* LetrasSenias.swift */; };
		FB6B9D4D2ABCC7BA0065BB70 /* DeletrearConSenias.swift in Sources */ = {isa = PBXBuildFile; fileRef = FB6B9D4C2ABCC7BA0065BB70 /* DeletrearConSenias.swift */; };
		FB6F77742AC6164800695340 /* QuestionGame.swift in Sources */ = {isa = PBXBuildFile; fileRef = FB6F77732AC6164800695340 /* QuestionGame.swift */; };
		FB6F77762AC6165C00695340 /* QuestionView.swift in Sources */ = {isa = PBXBuildFile; fileRef = FB6F77752AC6165B00695340 /* QuestionView.swift */; };
		FB75F1072AD46578009F442A /* LiveCameraRepresentable.swift in Sources */ = {isa = PBXBuildFile; fileRef = FB75F1062AD46578009F442A /* LiveCameraRepresentable.swift */; };
		FB75F1092AD465A7009F442A /* LiveCameraController.swift in Sources */ = {isa = PBXBuildFile; fileRef = FB75F1082AD465A7009F442A /* LiveCameraController.swift */; };
		FB75F10D2AD46E76009F442A /* Slequipo1.mlmodel in Sources */ = {isa = PBXBuildFile; fileRef = FB75F10B2AD46E76009F442A /* Slequipo1.mlmodel */; };
		FB75F10E2AD46E76009F442A /* Snequipo1.mlmodel in Sources */ = {isa = PBXBuildFile; fileRef = FB75F10C2AD46E76009F442A /* Snequipo1.mlmodel */; };
		FB75F1102AD46F9E009F442A /* Constants.swift in Sources */ = {isa = PBXBuildFile; fileRef = FB75F10F2AD46F9E009F442A /* Constants.swift */; };
		FB75F1122AD46FCB009F442A /* Helpers.swift in Sources */ = {isa = PBXBuildFile; fileRef = FB75F1112AD46FCB009F442A /* Helpers.swift */; };
		FB8FA97B2AAFAC9D002E93E8 /* Proyecto_Equipo1App.swift in Sources */ = {isa = PBXBuildFile; fileRef = FB8FA97A2AAFAC9D002E93E8 /* Proyecto_Equipo1App.swift */; };
		FB8FA97D2AAFAC9D002E93E8 /* ContentView.swift in Sources */ = {isa = PBXBuildFile; fileRef = FB8FA97C2AAFAC9D002E93E8 /* ContentView.swift */; };
		FB8FA97F2AAFAC9D002E93E8 /* Assets.xcassets in Resources */ = {isa = PBXBuildFile; fileRef = FB8FA97E2AAFAC9D002E93E8 /* Assets.xcassets */; };
		FB8FA9822AAFAC9D002E93E8 /* Preview Assets.xcassets in Resources */ = {isa = PBXBuildFile; fileRef = FB8FA9812AAFAC9D002E93E8 /* Preview Assets.xcassets */; };
		FB9C661F2ACCDE5E004FFE8C /* TabView2.swift in Sources */ = {isa = PBXBuildFile; fileRef = FB9C661E2ACCDE5E004FFE8C /* TabView2.swift */; };
		FB9C66232ACCE170004FFE8C /* LetrasView.swift in Sources */ = {isa = PBXBuildFile; fileRef = FB9C66222ACCE170004FFE8C /* LetrasView.swift */; };
		FB9C66252ACCE1A9004FFE8C /* LetraView.swift in Sources */ = {isa = PBXBuildFile; fileRef = FB9C66242ACCE1A9004FFE8C /* LetraView.swift */; };
		FB9C66272ACCE1E7004FFE8C /* LetrasViewModel.swift in Sources */ = {isa = PBXBuildFile; fileRef = FB9C66262ACCE1E7004FFE8C /* LetrasViewModel.swift */; };
		FB9C66292ACCE20A004FFE8C /* Letra.swift in Sources */ = {isa = PBXBuildFile; fileRef = FB9C66282ACCE20A004FFE8C /* Letra.swift */; };
		FBABCA1C2ABCD3AF005CE9AC /* MateSenias.swift in Sources */ = {isa = PBXBuildFile; fileRef = FBABCA1B2ABCD3AF005CE9AC /* MateSenias.swift */; };
		FBB471142ACE0D8F00A05957 /* FLAnimatedImage in Frameworks */ = {isa = PBXBuildFile; productRef = FBB471132ACE0D8F00A05957 /* FLAnimatedImage */; };
		FBC50B9B2AAFC99E000E697E /* GameSelect.swift in Sources */ = {isa = PBXBuildFile; fileRef = FBC50B9A2AAFC99E000E697E /* GameSelect.swift */; };
		FBC50BA12AAFCA77000E697E /* Oxygen-Regular.ttf in Resources */ = {isa = PBXBuildFile; fileRef = FBC50BA02AAFCA77000E697E /* Oxygen-Regular.ttf */; };
/* End PBXBuildFile section */

/* Begin PBXFileReference section */
		FB62B75D2AD713E800594247 /* PredictionStatus.swift */ = {isa = PBXFileReference; lastKnownFileType = sourcecode.swift; path = PredictionStatus.swift; sourceTree = "<group>"; };
		FB62B7612AD7155500594247 /* mydata.geojson */ = {isa = PBXFileReference; lastKnownFileType = text; path = mydata.geojson; sourceTree = "<group>"; };
		FB62B7632AD7184500594247 /* Classification.swift */ = {isa = PBXFileReference; lastKnownFileType = sourcecode.swift; path = Classification.swift; sourceTree = "<group>"; };
		FB62B7652AD71AF700594247 /* ClassificationView.swift */ = {isa = PBXFileReference; lastKnownFileType = sourcecode.swift; name = ClassificationView.swift; path = Proyecto_Equipo1/Foundation/ModelViews/ClassificationView.swift; sourceTree = SOURCE_ROOT; };
		FB62B7672AD71B0E00594247 /* ClassifierViewModel.swift */ = {isa = PBXFileReference; lastKnownFileType = sourcecode.swift; name = ClassifierViewModel.swift; path = Proyecto_Equipo1/Foundation/ModelViews/ClassifierViewModel.swift; sourceTree = SOURCE_ROOT; };
		FB6A76412AD733C900816954 /* PredictionResultView.swift */ = {isa = PBXFileReference; lastKnownFileType = sourcecode.swift; path = PredictionResultView.swift; sourceTree = "<group>"; };
		FB6A76442AD7345900816954 /* PredictiveLabelView.swift */ = {isa = PBXFileReference; fileEncoding = 4; lastKnownFileType = sourcecode.swift; path = PredictiveLabelView.swift; sourceTree = "<group>"; };
		FB6A76462AD7346400816954 /* DisplayedContentView.swift */ = {isa = PBXFileReference; fileEncoding = 4; lastKnownFileType = sourcecode.swift; path = DisplayedContentView.swift; sourceTree = "<group>"; };
		FB6B9D4A2ABCC3D80065BB70 /* LetrasSenias.swift */ = {isa = PBXFileReference; lastKnownFileType = sourcecode.swift; path = LetrasSenias.swift; sourceTree = "<group>"; };
		FB6B9D4C2ABCC7BA0065BB70 /* DeletrearConSenias.swift */ = {isa = PBXFileReference; lastKnownFileType = sourcecode.swift; path = DeletrearConSenias.swift; sourceTree = "<group>"; };
		FB6F77732AC6164800695340 /* QuestionGame.swift */ = {isa = PBXFileReference; lastKnownFileType = sourcecode.swift; path = QuestionGame.swift; sourceTree = "<group>"; };
		FB6F77752AC6165B00695340 /* QuestionView.swift */ = {isa = PBXFileReference; lastKnownFileType = sourcecode.swift; path = QuestionView.swift; sourceTree = "<group>"; };
		FB75F1062AD46578009F442A /* LiveCameraRepresentable.swift */ = {isa = PBXFileReference; lastKnownFileType = sourcecode.swift; path = LiveCameraRepresentable.swift; sourceTree = "<group>"; };
		FB75F1082AD465A7009F442A /* LiveCameraController.swift */ = {isa = PBXFileReference; lastKnownFileType = sourcecode.swift; path = LiveCameraController.swift; sourceTree = "<group>"; };
		FB75F10B2AD46E76009F442A /* Slequipo1.mlmodel */ = {isa = PBXFileReference; lastKnownFileType = file.mlmodel; path = Slequipo1.mlmodel; sourceTree = "<group>"; };
		FB75F10C2AD46E76009F442A /* Snequipo1.mlmodel */ = {isa = PBXFileReference; lastKnownFileType = file.mlmodel; path = Snequipo1.mlmodel; sourceTree = "<group>"; };
		FB75F10F2AD46F9E009F442A /* Constants.swift */ = {isa = PBXFileReference; lastKnownFileType = sourcecode.swift; path = Constants.swift; sourceTree = "<group>"; };
		FB75F1112AD46FCB009F442A /* Helpers.swift */ = {isa = PBXFileReference; lastKnownFileType = sourcecode.swift; path = Helpers.swift; sourceTree = "<group>"; };
		FB8FA9772AAFAC9D002E93E8 /* Proyecto_Equipo1.app */ = {isa = PBXFileReference; explicitFileType = wrapper.application; includeInIndex = 0; path = Proyecto_Equipo1.app; sourceTree = BUILT_PRODUCTS_DIR; };
		FB8FA97A2AAFAC9D002E93E8 /* Proyecto_Equipo1App.swift */ = {isa = PBXFileReference; lastKnownFileType = sourcecode.swift; path = Proyecto_Equipo1App.swift; sourceTree = "<group>"; };
		FB8FA97C2AAFAC9D002E93E8 /* ContentView.swift */ = {isa = PBXFileReference; lastKnownFileType = sourcecode.swift; path = ContentView.swift; sourceTree = "<group>"; };
		FB8FA97E2AAFAC9D002E93E8 /* Assets.xcassets */ = {isa = PBXFileReference; lastKnownFileType = folder.assetcatalog; path = Assets.xcassets; sourceTree = "<group>"; };
		FB8FA9812AAFAC9D002E93E8 /* Preview Assets.xcassets */ = {isa = PBXFileReference; lastKnownFileType = folder.assetcatalog; path = "Preview Assets.xcassets"; sourceTree = "<group>"; };
		FB9C661E2ACCDE5E004FFE8C /* TabView2.swift */ = {isa = PBXFileReference; lastKnownFileType = sourcecode.swift; path = TabView2.swift; sourceTree = "<group>"; };
		FB9C66222ACCE170004FFE8C /* LetrasView.swift */ = {isa = PBXFileReference; lastKnownFileType = sourcecode.swift; path = LetrasView.swift; sourceTree = "<group>"; };
		FB9C66242ACCE1A9004FFE8C /* LetraView.swift */ = {isa = PBXFileReference; lastKnownFileType = sourcecode.swift; path = LetraView.swift; sourceTree = "<group>"; };
		FB9C66262ACCE1E7004FFE8C /* LetrasViewModel.swift */ = {isa = PBXFileReference; lastKnownFileType = sourcecode.swift; path = LetrasViewModel.swift; sourceTree = "<group>"; };
		FB9C66282ACCE20A004FFE8C /* Letra.swift */ = {isa = PBXFileReference; lastKnownFileType = sourcecode.swift; path = Letra.swift; sourceTree = "<group>"; };
		FBABCA1B2ABCD3AF005CE9AC /* MateSenias.swift */ = {isa = PBXFileReference; lastKnownFileType = sourcecode.swift; path = MateSenias.swift; sourceTree = "<group>"; };
		FBC50B9A2AAFC99E000E697E /* GameSelect.swift */ = {isa = PBXFileReference; lastKnownFileType = sourcecode.swift; path = GameSelect.swift; sourceTree = "<group>"; };
		FBC50BA02AAFCA77000E697E /* Oxygen-Regular.ttf */ = {isa = PBXFileReference; lastKnownFileType = file; path = "Oxygen-Regular.ttf"; sourceTree = "<group>"; };
/* End PBXFileReference section */

/* Begin PBXFrameworksBuildPhase section */
		FB8FA9742AAFAC9D002E93E8 /* Frameworks */ = {
			isa = PBXFrameworksBuildPhase;
			buildActionMask = 2147483647;
			files = (
				FBB471142ACE0D8F00A05957 /* FLAnimatedImage in Frameworks */,
			);
			runOnlyForDeploymentPostprocessing = 0;
		};
/* End PBXFrameworksBuildPhase section */

/* Begin PBXGroup section */
		FB231E032AD862C50078B6FD /* Trainer */ = {
			isa = PBXGroup;
			children = (
			);
			path = Trainer;
			sourceTree = "<group>";
		};
		FB62B75F2AD714CB00594247 /* Data */ = {
			isa = PBXGroup;
			children = (
				FB62B7612AD7155500594247 /* mydata.geojson */,
				FB62B7632AD7184500594247 /* Classification.swift */,
			);
			path = Data;
			sourceTree = "<group>";
		};
		FB6A76402AD731AA00816954 /* ModelViews */ = {
			isa = PBXGroup;
			children = (
				FB62B7672AD71B0E00594247 /* ClassifierViewModel.swift */,
				FB62B7652AD71AF700594247 /* ClassificationView.swift */,
				FB6A76412AD733C900816954 /* PredictionResultView.swift */,
			);
			path = ModelViews;
			sourceTree = "<group>";
		};
		FB6A76432AD7342F00816954 /* PredictionViews */ = {
			isa = PBXGroup;
			children = (
				FB6A76442AD7345900816954 /* PredictiveLabelView.swift */,
				FB6A76462AD7346400816954 /* DisplayedContentView.swift */,
			);
			path = PredictionViews;
			sourceTree = "<group>";
		};
		FB75F10A2AD46E4D009F442A /* Model */ = {
			isa = PBXGroup;
			children = (
				FB75F10B2AD46E76009F442A /* Slequipo1.mlmodel */,
				FB75F10C2AD46E76009F442A /* Snequipo1.mlmodel */,
				FB62B75D2AD713E800594247 /* PredictionStatus.swift */,
			);
			path = Model;
			sourceTree = "<group>";
		};
		FB8FA96E2AAFAC9D002E93E8 = {
			isa = PBXGroup;
			children = (
				FB8FA9792AAFAC9D002E93E8 /* Proyecto_Equipo1 */,
				FB8FA9782AAFAC9D002E93E8 /* Products */,
			);
			sourceTree = "<group>";
		};
		FB8FA9782AAFAC9D002E93E8 /* Products */ = {
			isa = PBXGroup;
			children = (
				FB8FA9772AAFAC9D002E93E8 /* Proyecto_Equipo1.app */,
			);
			name = Products;
			sourceTree = "<group>";
		};
		FB8FA9792AAFAC9D002E93E8 /* Proyecto_Equipo1 */ = {
			isa = PBXGroup;
			children = (
				FBC50B9F2AAFCA42000E697E /* Fonts */,
				FB8FA97A2AAFAC9D002E93E8 /* Proyecto_Equipo1App.swift */,
				FB8FA97C2AAFAC9D002E93E8 /* ContentView.swift */,
				FBC50B9A2AAFC99E000E697E /* GameSelect.swift */,
				FB9C661E2ACCDE5E004FFE8C /* TabView2.swift */,
				FB9C66262ACCE1E7004FFE8C /* LetrasViewModel.swift */,
				FB9C66222ACCE170004FFE8C /* LetrasView.swift */,
				FB9C66242ACCE1A9004FFE8C /* LetraView.swift */,
				FB9C66282ACCE20A004FFE8C /* Letra.swift */,
				FB6B9D4C2ABCC7BA0065BB70 /* DeletrearConSenias.swift */,
				FB6F77732AC6164800695340 /* QuestionGame.swift */,
				FB6F77752AC6165B00695340 /* QuestionView.swift */,
				FB6B9D4A2ABCC3D80065BB70 /* LetrasSenias.swift */,
				FBABCA1B2ABCD3AF005CE9AC /* MateSenias.swift */,
				FB231E032AD862C50078B6FD /* Trainer */,
				FB75F10A2AD46E4D009F442A /* Model */,
				FB62B75F2AD714CB00594247 /* Data */,
				FB6A76432AD7342F00816954 /* PredictionViews */,
				FBECD0E12AD452AC008EA64C /* Foundation */,
				FB8FA97E2AAFAC9D002E93E8 /* Assets.xcassets */,
				FB8FA9802AAFAC9D002E93E8 /* Preview Content */,
			);
			path = Proyecto_Equipo1;
			sourceTree = "<group>";
		};
		FB8FA9802AAFAC9D002E93E8 /* Preview Content */ = {
			isa = PBXGroup;
			children = (
				FB8FA9812AAFAC9D002E93E8 /* Preview Assets.xcassets */,
			);
			path = "Preview Content";
			sourceTree = "<group>";
		};
		FBC50B9F2AAFCA42000E697E /* Fonts */ = {
			isa = PBXGroup;
			children = (
				FBC50BA02AAFCA77000E697E /* Oxygen-Regular.ttf */,
			);
			path = Fonts;
			sourceTree = "<group>";
		};
		FBECD0E12AD452AC008EA64C /* Foundation */ = {
			isa = PBXGroup;
			children = (
				FB6A76402AD731AA00816954 /* ModelViews */,
				FBECD0E42AD452F4008EA64C /* Helpers */,
				FBECD0E32AD452C5008EA64C /* CameraViewControllers */,
			);
			path = Foundation;
			sourceTree = "<group>";
		};
		FBECD0E32AD452C5008EA64C /* CameraViewControllers */ = {
			isa = PBXGroup;
			children = (
				FB75F1062AD46578009F442A /* LiveCameraRepresentable.swift */,
				FB75F1082AD465A7009F442A /* LiveCameraController.swift */,
			);
			path = CameraViewControllers;
			sourceTree = "<group>";
		};
		FBECD0E42AD452F4008EA64C /* Helpers */ = {
			isa = PBXGroup;
			children = (
				FB75F10F2AD46F9E009F442A /* Constants.swift */,
				FB75F1112AD46FCB009F442A /* Helpers.swift */,
			);
			path = Helpers;
			sourceTree = "<group>";
		};
/* End PBXGroup section */

/* Begin PBXNativeTarget section */
		FB8FA9762AAFAC9D002E93E8 /* Proyecto_Equipo1 */ = {
			isa = PBXNativeTarget;
			buildConfigurationList = FB8FA9852AAFAC9D002E93E8 /* Build configuration list for PBXNativeTarget "Proyecto_Equipo1" */;
			buildPhases = (
				FB8FA9732AAFAC9D002E93E8 /* Sources */,
				FB8FA9742AAFAC9D002E93E8 /* Frameworks */,
				FB8FA9752AAFAC9D002E93E8 /* Resources */,
			);
			buildRules = (
			);
			dependencies = (
			);
			name = Proyecto_Equipo1;
			packageProductDependencies = (
				FBB471132ACE0D8F00A05957 /* FLAnimatedImage */,
			);
			productName = Proyecto_Equipo1;
			productReference = FB8FA9772AAFAC9D002E93E8 /* Proyecto_Equipo1.app */;
			productType = "com.apple.product-type.application";
		};
/* End PBXNativeTarget section */

/* Begin PBXProject section */
		FB8FA96F2AAFAC9D002E93E8 /* Project object */ = {
			isa = PBXProject;
			attributes = {
				BuildIndependentTargetsInParallel = 1;
				LastSwiftUpdateCheck = 1430;
				LastUpgradeCheck = 1430;
				TargetAttributes = {
					FB8FA9762AAFAC9D002E93E8 = {
						CreatedOnToolsVersion = 14.3.1;
					};
				};
			};
			buildConfigurationList = FB8FA9722AAFAC9D002E93E8 /* Build configuration list for PBXProject "Proyecto_Equipo1" */;
			compatibilityVersion = "Xcode 14.0";
			developmentRegion = en;
			hasScannedForEncodings = 0;
			knownRegions = (
				en,
				Base,
			);
			mainGroup = FB8FA96E2AAFAC9D002E93E8;
			packageReferences = (
				FBB471122ACE0D8F00A05957 /* XCRemoteSwiftPackageReference "FLAnimatedImage" */,
			);
			productRefGroup = FB8FA9782AAFAC9D002E93E8 /* Products */;
			projectDirPath = "";
			projectRoot = "";
			targets = (
				FB8FA9762AAFAC9D002E93E8 /* Proyecto_Equipo1 */,
			);
		};
/* End PBXProject section */

/* Begin PBXResourcesBuildPhase section */
		FB8FA9752AAFAC9D002E93E8 /* Resources */ = {
			isa = PBXResourcesBuildPhase;
			buildActionMask = 2147483647;
			files = (
				FBC50BA12AAFCA77000E697E /* Oxygen-Regular.ttf in Resources */,
				FB62B7622AD7155500594247 /* mydata.geojson in Resources */,
				FB8FA9822AAFAC9D002E93E8 /* Preview Assets.xcassets in Resources */,
				FB8FA97F2AAFAC9D002E93E8 /* Assets.xcassets in Resources */,
			);
			runOnlyForDeploymentPostprocessing = 0;
		};
/* End PBXResourcesBuildPhase section */

/* Begin PBXSourcesBuildPhase section */
		FB8FA9732AAFAC9D002E93E8 /* Sources */ = {
			isa = PBXSourcesBuildPhase;
			buildActionMask = 2147483647;
			files = (
				FB6A76452AD7345900816954 /* PredictiveLabelView.swift in Sources */,
				FB6F77762AC6165C00695340 /* QuestionView.swift in Sources */,
				FB75F1122AD46FCB009F442A /* Helpers.swift in Sources */,
				FB62B7642AD7184500594247 /* Classification.swift in Sources */,
				FB62B75E2AD713E800594247 /* PredictionStatus.swift in Sources */,
				FB62B7682AD71B0E00594247 /* ClassifierViewModel.swift in Sources */,
				FB75F1072AD46578009F442A /* LiveCameraRepresentable.swift in Sources */,
				FB8FA97D2AAFAC9D002E93E8 /* ContentView.swift in Sources */,
				FB75F10E2AD46E76009F442A /* Snequipo1.mlmodel in Sources */,
				FB6A76422AD733C900816954 /* PredictionResultView.swift in Sources */,
				FB8FA97B2AAFAC9D002E93E8 /* Proyecto_Equipo1App.swift in Sources */,
				FBC50B9B2AAFC99E000E697E /* GameSelect.swift in Sources */,
				FB9C66252ACCE1A9004FFE8C /* LetraView.swift in Sources */,
				FB75F1092AD465A7009F442A /* LiveCameraController.swift in Sources */,
				FB9C66272ACCE1E7004FFE8C /* LetrasViewModel.swift in Sources */,
				FB62B7662AD71AF700594247 /* ClassificationView.swift in Sources */,
				FB9C66232ACCE170004FFE8C /* LetrasView.swift in Sources */,
				FB9C66292ACCE20A004FFE8C /* Letra.swift in Sources */,
				FBABCA1C2ABCD3AF005CE9AC /* MateSenias.swift in Sources */,
				FB6F77742AC6164800695340 /* QuestionGame.swift in Sources */,
				FB75F10D2AD46E76009F442A /* Slequipo1.mlmodel in Sources */,
				FB6B9D4B2ABCC3D80065BB70 /* LetrasSenias.swift in Sources */,
				FB6B9D4D2ABCC7BA0065BB70 /* DeletrearConSenias.swift in Sources */,
				FB9C661F2ACCDE5E004FFE8C /* TabView2.swift in Sources */,
				FB6A76472AD7346400816954 /* DisplayedContentView.swift in Sources */,
				FB75F1102AD46F9E009F442A /* Constants.swift in Sources */,
			);
			runOnlyForDeploymentPostprocessing = 0;
		};
/* End PBXSourcesBuildPhase section */

/* Begin XCBuildConfiguration section */
		FB8FA9832AAFAC9D002E93E8 /* Debug */ = {
			isa = XCBuildConfiguration;
			buildSettings = {
				ALWAYS_SEARCH_USER_PATHS = NO;
				CLANG_ANALYZER_NONNULL = YES;
				CLANG_ANALYZER_NUMBER_OBJECT_CONVERSION = YES_AGGRESSIVE;
				CLANG_CXX_LANGUAGE_STANDARD = "gnu++20";
				CLANG_ENABLE_MODULES = YES;
				CLANG_ENABLE_OBJC_ARC = YES;
				CLANG_ENABLE_OBJC_WEAK = YES;
				CLANG_WARN_BLOCK_CAPTURE_AUTORELEASING = YES;
				CLANG_WARN_BOOL_CONVERSION = YES;
				CLANG_WARN_COMMA = YES;
				CLANG_WARN_CONSTANT_CONVERSION = YES;
				CLANG_WARN_DEPRECATED_OBJC_IMPLEMENTATIONS = YES;
				CLANG_WARN_DIRECT_OBJC_ISA_USAGE = YES_ERROR;
				CLANG_WARN_DOCUMENTATION_COMMENTS = YES;
				CLANG_WARN_EMPTY_BODY = YES;
				CLANG_WARN_ENUM_CONVERSION = YES;
				CLANG_WARN_INFINITE_RECURSION = YES;
				CLANG_WARN_INT_CONVERSION = YES;
				CLANG_WARN_NON_LITERAL_NULL_CONVERSION = YES;
				CLANG_WARN_OBJC_IMPLICIT_RETAIN_SELF = YES;
				CLANG_WARN_OBJC_LITERAL_CONVERSION = YES;
				CLANG_WARN_OBJC_ROOT_CLASS = YES_ERROR;
				CLANG_WARN_QUOTED_INCLUDE_IN_FRAMEWORK_HEADER = YES;
				CLANG_WARN_RANGE_LOOP_ANALYSIS = YES;
				CLANG_WARN_STRICT_PROTOTYPES = YES;
				CLANG_WARN_SUSPICIOUS_MOVE = YES;
				CLANG_WARN_UNGUARDED_AVAILABILITY = YES_AGGRESSIVE;
				CLANG_WARN_UNREACHABLE_CODE = YES;
				CLANG_WARN__DUPLICATE_METHOD_MATCH = YES;
				COPY_PHASE_STRIP = NO;
				DEBUG_INFORMATION_FORMAT = dwarf;
				ENABLE_STRICT_OBJC_MSGSEND = YES;
				ENABLE_TESTABILITY = YES;
				GCC_C_LANGUAGE_STANDARD = gnu11;
				GCC_DYNAMIC_NO_PIC = NO;
				GCC_NO_COMMON_BLOCKS = YES;
				GCC_OPTIMIZATION_LEVEL = 0;
				GCC_PREPROCESSOR_DEFINITIONS = (
					"DEBUG=1",
					"$(inherited)",
				);
				GCC_WARN_64_TO_32_BIT_CONVERSION = YES;
				GCC_WARN_ABOUT_RETURN_TYPE = YES_ERROR;
				GCC_WARN_UNDECLARED_SELECTOR = YES;
				GCC_WARN_UNINITIALIZED_AUTOS = YES_AGGRESSIVE;
				GCC_WARN_UNUSED_FUNCTION = YES;
				GCC_WARN_UNUSED_VARIABLE = YES;
				IPHONEOS_DEPLOYMENT_TARGET = 16.4;
				MTL_ENABLE_DEBUG_INFO = INCLUDE_SOURCE;
				MTL_FAST_MATH = YES;
				ONLY_ACTIVE_ARCH = YES;
				SDKROOT = iphoneos;
				SWIFT_ACTIVE_COMPILATION_CONDITIONS = DEBUG;
				SWIFT_OPTIMIZATION_LEVEL = "-Onone";
			};
			name = Debug;
		};
		FB8FA9842AAFAC9D002E93E8 /* Release */ = {
			isa = XCBuildConfiguration;
			buildSettings = {
				ALWAYS_SEARCH_USER_PATHS = NO;
				CLANG_ANALYZER_NONNULL = YES;
				CLANG_ANALYZER_NUMBER_OBJECT_CONVERSION = YES_AGGRESSIVE;
				CLANG_CXX_LANGUAGE_STANDARD = "gnu++20";
				CLANG_ENABLE_MODULES = YES;
				CLANG_ENABLE_OBJC_ARC = YES;
				CLANG_ENABLE_OBJC_WEAK = YES;
				CLANG_WARN_BLOCK_CAPTURE_AUTORELEASING = YES;
				CLANG_WARN_BOOL_CONVERSION = YES;
				CLANG_WARN_COMMA = YES;
				CLANG_WARN_CONSTANT_CONVERSION = YES;
				CLANG_WARN_DEPRECATED_OBJC_IMPLEMENTATIONS = YES;
				CLANG_WARN_DIRECT_OBJC_ISA_USAGE = YES_ERROR;
				CLANG_WARN_DOCUMENTATION_COMMENTS = YES;
				CLANG_WARN_EMPTY_BODY = YES;
				CLANG_WARN_ENUM_CONVERSION = YES;
				CLANG_WARN_INFINITE_RECURSION = YES;
				CLANG_WARN_INT_CONVERSION = YES;
				CLANG_WARN_NON_LITERAL_NULL_CONVERSION = YES;
				CLANG_WARN_OBJC_IMPLICIT_RETAIN_SELF = YES;
				CLANG_WARN_OBJC_LITERAL_CONVERSION = YES;
				CLANG_WARN_OBJC_ROOT_CLASS = YES_ERROR;
				CLANG_WARN_QUOTED_INCLUDE_IN_FRAMEWORK_HEADER = YES;
				CLANG_WARN_RANGE_LOOP_ANALYSIS = YES;
				CLANG_WARN_STRICT_PROTOTYPES = YES;
				CLANG_WARN_SUSPICIOUS_MOVE = YES;
				CLANG_WARN_UNGUARDED_AVAILABILITY = YES_AGGRESSIVE;
				CLANG_WARN_UNREACHABLE_CODE = YES;
				CLANG_WARN__DUPLICATE_METHOD_MATCH = YES;
				COPY_PHASE_STRIP = NO;
				DEBUG_INFORMATION_FORMAT = "dwarf-with-dsym";
				ENABLE_NS_ASSERTIONS = NO;
				ENABLE_STRICT_OBJC_MSGSEND = YES;
				GCC_C_LANGUAGE_STANDARD = gnu11;
				GCC_NO_COMMON_BLOCKS = YES;
				GCC_WARN_64_TO_32_BIT_CONVERSION = YES;
				GCC_WARN_ABOUT_RETURN_TYPE = YES_ERROR;
				GCC_WARN_UNDECLARED_SELECTOR = YES;
				GCC_WARN_UNINITIALIZED_AUTOS = YES_AGGRESSIVE;
				GCC_WARN_UNUSED_FUNCTION = YES;
				GCC_WARN_UNUSED_VARIABLE = YES;
				IPHONEOS_DEPLOYMENT_TARGET = 16.4;
				MTL_ENABLE_DEBUG_INFO = NO;
				MTL_FAST_MATH = YES;
				SDKROOT = iphoneos;
				SWIFT_COMPILATION_MODE = wholemodule;
				SWIFT_OPTIMIZATION_LEVEL = "-O";
				VALIDATE_PRODUCT = YES;
			};
			name = Release;
		};
		FB8FA9862AAFAC9D002E93E8 /* Debug */ = {
			isa = XCBuildConfiguration;
			buildSettings = {
				ASSETCATALOG_COMPILER_APPICON_NAME = AppIcon;
				ASSETCATALOG_COMPILER_GLOBAL_ACCENT_COLOR_NAME = AccentColor;
				CODE_SIGN_STYLE = Automatic;
				CURRENT_PROJECT_VERSION = 1;
				DEVELOPMENT_ASSET_PATHS = "\"Proyecto_Equipo1/Preview Content\"";
				DEVELOPMENT_TEAM = M34X77LFAD;
				ENABLE_PREVIEWS = YES;
				GENERATE_INFOPLIST_FILE = YES;
				INFOPLIST_KEY_NSCameraUsageDescription = "Aprendiendo con señas requiere permiso para usar la cámara";
				INFOPLIST_KEY_UIApplicationSceneManifest_Generation = YES;
				INFOPLIST_KEY_UIApplicationSupportsIndirectInputEvents = YES;
				INFOPLIST_KEY_UILaunchScreen_Generation = YES;
				INFOPLIST_KEY_UISupportedInterfaceOrientations_iPad = "UIInterfaceOrientationPortrait UIInterfaceOrientationPortraitUpsideDown UIInterfaceOrientationLandscapeLeft UIInterfaceOrientationLandscapeRight";
				INFOPLIST_KEY_UISupportedInterfaceOrientations_iPhone = "UIInterfaceOrientationPortrait UIInterfaceOrientationLandscapeLeft UIInterfaceOrientationLandscapeRight";
				LD_RUNPATH_SEARCH_PATHS = (
					"$(inherited)",
					"@executable_path/Frameworks",
				);
				MARKETING_VERSION = 1.0;
				PRODUCT_BUNDLE_IDENTIFIER = "com.itesm.Proyecto-Equipo1";
				PRODUCT_NAME = "$(TARGET_NAME)";
				SWIFT_EMIT_LOC_STRINGS = YES;
				SWIFT_VERSION = 5.0;
				TARGETED_DEVICE_FAMILY = "1,2";
			};
			name = Debug;
		};
		FB8FA9872AAFAC9D002E93E8 /* Release */ = {
			isa = XCBuildConfiguration;
			buildSettings = {
				ASSETCATALOG_COMPILER_APPICON_NAME = AppIcon;
				ASSETCATALOG_COMPILER_GLOBAL_ACCENT_COLOR_NAME = AccentColor;
				CODE_SIGN_STYLE = Automatic;
				CURRENT_PROJECT_VERSION = 1;
				DEVELOPMENT_ASSET_PATHS = "\"Proyecto_Equipo1/Preview Content\"";
				DEVELOPMENT_TEAM = M34X77LFAD;
				ENABLE_PREVIEWS = YES;
				GENERATE_INFOPLIST_FILE = YES;
				INFOPLIST_KEY_NSCameraUsageDescription = "Aprendiendo con señas requiere permiso para usar la cámara";
				INFOPLIST_KEY_UIApplicationSceneManifest_Generation = YES;
				INFOPLIST_KEY_UIApplicationSupportsIndirectInputEvents = YES;
				INFOPLIST_KEY_UILaunchScreen_Generation = YES;
				INFOPLIST_KEY_UISupportedInterfaceOrientations_iPad = "UIInterfaceOrientationPortrait UIInterfaceOrientationPortraitUpsideDown UIInterfaceOrientationLandscapeLeft UIInterfaceOrientationLandscapeRight";
				INFOPLIST_KEY_UISupportedInterfaceOrientations_iPhone = "UIInterfaceOrientationPortrait UIInterfaceOrientationLandscapeLeft UIInterfaceOrientationLandscapeRight";
				LD_RUNPATH_SEARCH_PATHS = (
					"$(inherited)",
					"@executable_path/Frameworks",
				);
				MARKETING_VERSION = 1.0;
				PRODUCT_BUNDLE_IDENTIFIER = "com.itesm.Proyecto-Equipo1";
				PRODUCT_NAME = "$(TARGET_NAME)";
				SWIFT_EMIT_LOC_STRINGS = YES;
				SWIFT_VERSION = 5.0;
				TARGETED_DEVICE_FAMILY = "1,2";
			};
			name = Release;
		};
/* End XCBuildConfiguration section */

/* Begin XCConfigurationList section */
		FB8FA9722AAFAC9D002E93E8 /* Build configuration list for PBXProject "Proyecto_Equipo1" */ = {
			isa = XCConfigurationList;
			buildConfigurations = (
				FB8FA9832AAFAC9D002E93E8 /* Debug */,
				FB8FA9842AAFAC9D002E93E8 /* Release */,
			);
			defaultConfigurationIsVisible = 0;
			defaultConfigurationName = Release;
		};
		FB8FA9852AAFAC9D002E93E8 /* Build configuration list for PBXNativeTarget "Proyecto_Equipo1" */ = {
			isa = XCConfigurationList;
			buildConfigurations = (
				FB8FA9862AAFAC9D002E93E8 /* Debug */,
				FB8FA9872AAFAC9D002E93E8 /* Release */,
			);
			defaultConfigurationIsVisible = 0;
			defaultConfigurationName = Release;
		};
/* End XCConfigurationList section */

/* Begin XCRemoteSwiftPackageReference section */
		FBB471122ACE0D8F00A05957 /* XCRemoteSwiftPackageReference "FLAnimatedImage" */ = {
			isa = XCRemoteSwiftPackageReference;
			repositoryURL = "https://github.com/Flipboard/FLAnimatedImage";
			requirement = {
				kind = upToNextMajorVersion;
				minimumVersion = 1.0.0;
			};
		};
/* End XCRemoteSwiftPackageReference section */

/* Begin XCSwiftPackageProductDependency section */
		FBB471132ACE0D8F00A05957 /* FLAnimatedImage */ = {
			isa = XCSwiftPackageProductDependency;
			package = FBB471122ACE0D8F00A05957 /* XCRemoteSwiftPackageReference "FLAnimatedImage" */;
			productName = FLAnimatedImage;
		};
/* End XCSwiftPackageProductDependency section */
	};
	rootObject = FB8FA96F2AAFAC9D002E93E8 /* Project object */;
}
